
Microsoft Visual Studio Solution File, Format Version 12.00
# Visual Studio Version 16
VisualStudioVersion = 16.0.30804.86
MinimumVisualStudioVersion = 10.0.40219.1
Project("{FAE04EC0-301F-11D3-BF4B-00C04F79EFBC}") = "AutoBogus.Performance", "AutoBogus.Performance\AutoBogus.Performance.csproj", "{71520520-53CE-4930-84A7-36DAB9904DC4}"
EndProject
Global
	GlobalSection(SolutionConfigurationPlatforms) = preSolution
		Debug|Any CPU = Debug|Any CPU
		Release|Any CPU = Release|Any CPU
	EndGlobalSection
	GlobalSection(ProjectConfigurationPlatforms) = postSolution
		{71520520-53CE-4930-84A7-36DAB9904DC4}.Debug|Any CPU.ActiveCfg = Debug|Any CPU
		{71520520-53CE-4930-84A7-36DAB9904DC4}.Debug|Any CPU.Build.0 = Debug|Any CPU
		{71520520-53CE-4930-84A7-36DAB9904DC4}.Release|Any CPU.ActiveCfg = Release|Any CPU
		{71520520-53CE-4930-84A7-36DAB9904DC4}.Release|Any CPU.Build.0 = Release|Any CPU
	EndGlobalSection
	GlobalSection(SolutionProperties) = preSolution
		HideSolutionNode = FALSE
	EndGlobalSection
	GlobalSection(ExtensibilityGlobals) = postSolution
		SolutionGuid = {AFD0283D-A404-49D5-8163-2A29E20C8DD4}
	EndGlobalSection
EndGlobal
